
Microsoft Visual Studio Solution File, Format Version 12.00
# Visual Studio 15
Project("{FAE04EC0-301F-11D3-BF4B-00C04F79EFBC}") = "cstest", "cstest.csproj", "{58DAFAED-7FB8-4796-B3DE-9FA69681127E}"
EndProject
Global
	GlobalSection(SolutionConfigurationPlatforms) = preSolution
		Debug|Any CPU = Debug|Any CPU
		Release|Any CPU = Release|Any CPU
	EndGlobalSection
	GlobalSection(ProjectConfigurationPlatforms) = postSolution
		{58DAFAED-7FB8-4796-B3DE-9FA69681127E}.Debug|Any CPU.ActiveCfg = Debug|Any CPU
		{58DAFAED-7FB8-4796-B3DE-9FA69681127E}.Debug|Any CPU.Build.0 = Debug|Any CPU
		{58DAFAED-7FB8-4796-B3DE-9FA69681127E}.Release|Any CPU.ActiveCfg = Release|Any CPU
		{58DAFAED-7FB8-4796-B3DE-9FA69681127E}.Release|Any CPU.Build.0 = Release|Any CPU
	EndGlobalSection
EndGlobal
